
Microsoft Visual Studio Solution File, Format Version 12.00
# Visual Studio Version 17
VisualStudioVersion = 17.10.35013.160
MinimumVisualStudioVersion = 10.0.40219.1
Project("{FAE04EC0-301F-11D3-BF4B-00C04F79EFBC}") = "RFC_ARTICLE_MASTER", "RFC_ARTICLE_MASTER.csproj", "{39848330-BA11-4BB0-BA97-D5613D21EAA7}"
EndProject
Global
	GlobalSection(SolutionConfigurationPlatforms) = preSolution
		Debug|Any CPU = Debug|Any CPU
		Release|Any CPU = Release|Any CPU
	EndGlobalSection
	GlobalSection(ProjectConfigurationPlatforms) = postSolution
		{39848330-BA11-4BB0-BA97-D5613D21EAA7}.Debug|Any CPU.ActiveCfg = Debug|Any CPU
		{39848330-BA11-4BB0-BA97-D5613D21EAA7}.Debug|Any CPU.Build.0 = Debug|Any CPU
		{39848330-BA11-4BB0-BA97-D5613D21EAA7}.Release|Any CPU.ActiveCfg = Release|Any CPU
		{39848330-BA11-4BB0-BA97-D5613D21EAA7}.Release|Any CPU.Build.0 = Release|Any CPU
	EndGlobalSection
	GlobalSection(SolutionProperties) = preSolution
		HideSolutionNode = FALSE
	EndGlobalSection
	GlobalSection(ExtensibilityGlobals) = postSolution
		SolutionGuid = {D1D32B61-EA04-426F-B10D-9887F9754D36}
	EndGlobalSection
EndGlobal
