
Microsoft Visual Studio Solution File, Format Version 12.00
# Visual Studio Version 17
VisualStudioVersion = 17.10.35013.160
MinimumVisualStudioVersion = 10.0.40219.1
Project("{FAE04EC0-301F-11D3-BF4B-00C04F79EFBC}") = "RFC_MC_MASTER", "RFC_MC_MASTER.csproj", "{FF311647-7BCC-4279-BD8C-12F200BD8DBE}"
EndProject
Global
	GlobalSection(SolutionConfigurationPlatforms) = preSolution
		Debug|Any CPU = Debug|Any CPU
		Release|Any CPU = Release|Any CPU
	EndGlobalSection
	GlobalSection(ProjectConfigurationPlatforms) = postSolution
		{FF311647-7BCC-4279-BD8C-12F200BD8DBE}.Debug|Any CPU.ActiveCfg = Debug|Any CPU
		{FF311647-7BCC-4279-BD8C-12F200BD8DBE}.Debug|Any CPU.Build.0 = Debug|Any CPU
		{FF311647-7BCC-4279-BD8C-12F200BD8DBE}.Release|Any CPU.ActiveCfg = Release|Any CPU
		{FF311647-7BCC-4279-BD8C-12F200BD8DBE}.Release|Any CPU.Build.0 = Release|Any CPU
	EndGlobalSection
	GlobalSection(SolutionProperties) = preSolution
		HideSolutionNode = FALSE
	EndGlobalSection
	GlobalSection(ExtensibilityGlobals) = postSolution
		SolutionGuid = {8E9BEA0F-9F0C-4B13-99E6-FC318D29E5B3}
	EndGlobalSection
EndGlobal
