
Microsoft Visual Studio Solution File, Format Version 12.00
# Visual Studio Version 17
VisualStudioVersion = 17.7.34202.233
MinimumVisualStudioVersion = 10.0.40219.1
Project("{FAE04EC0-301F-11D3-BF4B-00C04F79EFBC}") = "RFC_Seasonal_Stock_Application", "RFC_Seasonal_Stock_Application.csproj", "{770662B2-AF22-4976-93A1-074CF1736B52}"
EndProject
Global
	GlobalSection(SolutionConfigurationPlatforms) = preSolution
		Debug|Any CPU = Debug|Any CPU
		Release|Any CPU = Release|Any CPU
	EndGlobalSection
	GlobalSection(ProjectConfigurationPlatforms) = postSolution
		{770662B2-AF22-4976-93A1-074CF1736B52}.Debug|Any CPU.ActiveCfg = Debug|Any CPU
		{770662B2-AF22-4976-93A1-074CF1736B52}.Debug|Any CPU.Build.0 = Debug|Any CPU
		{770662B2-AF22-4976-93A1-074CF1736B52}.Release|Any CPU.ActiveCfg = Release|Any CPU
		{770662B2-AF22-4976-93A1-074CF1736B52}.Release|Any CPU.Build.0 = Release|Any CPU
	EndGlobalSection
	GlobalSection(SolutionProperties) = preSolution
		HideSolutionNode = FALSE
	EndGlobalSection
	GlobalSection(ExtensibilityGlobals) = postSolution
		SolutionGuid = {2C87DD1E-9390-43A8-9AEA-FE5C815349A9}
	EndGlobalSection
EndGlobal
