
Microsoft Visual Studio Solution File, Format Version 12.00
# Visual Studio Version 17
VisualStudioVersion = 17.10.35013.160
MinimumVisualStudioVersion = 10.0.40219.1
Project("{FAE04EC0-301F-11D3-BF4B-00C04F79EFBC}") = "RFC_Country_MASTER", "RFC_Country_MASTER.csproj", "{86AE24FB-DF5D-4669-9754-03B9AA36D5D1}"
EndProject
Project("{FAE04EC0-301F-11D3-BF4B-00C04F79EFBC}") = "RFC_Country_MASTER_CORE", "..\RFC_Country_MASTER_CORE\RFC_Country_MASTER_CORE.csproj", "{33B52364-97DF-4E87-A697-D08F14FC55E2}"
EndProject
Global
	GlobalSection(SolutionConfigurationPlatforms) = preSolution
		Debug|Any CPU = Debug|Any CPU
		Release|Any CPU = Release|Any CPU
	EndGlobalSection
	GlobalSection(ProjectConfigurationPlatforms) = postSolution
		{86AE24FB-DF5D-4669-9754-03B9AA36D5D1}.Debug|Any CPU.ActiveCfg = Debug|Any CPU
		{86AE24FB-DF5D-4669-9754-03B9AA36D5D1}.Debug|Any CPU.Build.0 = Debug|Any CPU
		{86AE24FB-DF5D-4669-9754-03B9AA36D5D1}.Release|Any CPU.ActiveCfg = Release|Any CPU
		{86AE24FB-DF5D-4669-9754-03B9AA36D5D1}.Release|Any CPU.Build.0 = Release|Any CPU
		{33B52364-97DF-4E87-A697-D08F14FC55E2}.Debug|Any CPU.ActiveCfg = Debug|Any CPU
		{33B52364-97DF-4E87-A697-D08F14FC55E2}.Debug|Any CPU.Build.0 = Debug|Any CPU
		{33B52364-97DF-4E87-A697-D08F14FC55E2}.Release|Any CPU.ActiveCfg = Release|Any CPU
		{33B52364-97DF-4E87-A697-D08F14FC55E2}.Release|Any CPU.Build.0 = Release|Any CPU
	EndGlobalSection
	GlobalSection(SolutionProperties) = preSolution
		HideSolutionNode = FALSE
	EndGlobalSection
	GlobalSection(ExtensibilityGlobals) = postSolution
		SolutionGuid = {253147A3-8C35-4394-A365-A387A8E716A0}
	EndGlobalSection
EndGlobal
